
Microsoft Visual Studio Solution File, Format Version 12.00
# Visual Studio Version 17
VisualStudioVersion = 17.11.35222.181
MinimumVisualStudioVersion = 10.0.40219.1
Project("{FAE04EC0-301F-11D3-BF4B-00C04F79EFBC}") = "bai2table1", "bai2table1.csproj", "{EEA6B7FD-413A-430D-8059-5B2BE41A2A98}"
EndProject
Global
	GlobalSection(SolutionConfigurationPlatforms) = preSolution
		Debug|Any CPU = Debug|Any CPU
		Release|Any CPU = Release|Any CPU
	EndGlobalSection
	GlobalSection(ProjectConfigurationPlatforms) = postSolution
		{EEA6B7FD-413A-430D-8059-5B2BE41A2A98}.Debug|Any CPU.ActiveCfg = Debug|Any CPU
		{EEA6B7FD-413A-430D-8059-5B2BE41A2A98}.Debug|Any CPU.Build.0 = Debug|Any CPU
		{EEA6B7FD-413A-430D-8059-5B2BE41A2A98}.Release|Any CPU.ActiveCfg = Release|Any CPU
		{EEA6B7FD-413A-430D-8059-5B2BE41A2A98}.Release|Any CPU.Build.0 = Release|Any CPU
	EndGlobalSection
	GlobalSection(SolutionProperties) = preSolution
		HideSolutionNode = FALSE
	EndGlobalSection
	GlobalSection(ExtensibilityGlobals) = postSolution
		SolutionGuid = {DFB16765-7433-4312-A9F2-D2032AAF5A7A}
	EndGlobalSection
EndGlobal
