
Microsoft Visual Studio Solution File, Format Version 12.00
# Visual Studio Version 17
VisualStudioVersion = 17.11.35312.102
MinimumVisualStudioVersion = 10.0.40219.1
Project("{FAE04EC0-301F-11D3-BF4B-00C04F79EFBC}") = "23DH113217_MyStore", "23DH113217_MyStore.csproj", "{4199A62A-9A40-41C2-8926-256811C8716E}"
EndProject
Global
	GlobalSection(SolutionConfigurationPlatforms) = preSolution
		Debug|Any CPU = Debug|Any CPU
		Release|Any CPU = Release|Any CPU
	EndGlobalSection
	GlobalSection(ProjectConfigurationPlatforms) = postSolution
		{4199A62A-9A40-41C2-8926-256811C8716E}.Debug|Any CPU.ActiveCfg = Debug|Any CPU
		{4199A62A-9A40-41C2-8926-256811C8716E}.Debug|Any CPU.Build.0 = Debug|Any CPU
		{4199A62A-9A40-41C2-8926-256811C8716E}.Release|Any CPU.ActiveCfg = Release|Any CPU
		{4199A62A-9A40-41C2-8926-256811C8716E}.Release|Any CPU.Build.0 = Release|Any CPU
	EndGlobalSection
	GlobalSection(SolutionProperties) = preSolution
		HideSolutionNode = FALSE
	EndGlobalSection
	GlobalSection(ExtensibilityGlobals) = postSolution
		SolutionGuid = {C7C99689-7FBD-4CED-A5F7-B4316AF398FD}
	EndGlobalSection
EndGlobal
